
Microsoft Visual Studio Solution File, Format Version 12.00
# Visual Studio Version 17
VisualStudioVersion = 17.5.33530.505
MinimumVisualStudioVersion = 10.0.40219.1
Project("{9A19103F-16F7-4668-BE54-9A1E7A4F7556}") = "azure", "azure.csproj", "{38F014F7-3DBE-43E1-9BE7-2627F26E9CA8}"
EndProject
Project("{9A19103F-16F7-4668-BE54-9A1E7A4F7556}") = "scrape", "scrape\scrape.csproj", "{B0FBFFF7-B481-4984-A467-EE285B69EAF2}"
EndProject
Global
	GlobalSection(SolutionConfigurationPlatforms) = preSolution
		Debug|Any CPU = Debug|Any CPU
		Release|Any CPU = Release|Any CPU
	EndGlobalSection
	GlobalSection(ProjectConfigurationPlatforms) = postSolution
		{38F014F7-3DBE-43E1-9BE7-2627F26E9CA8}.Debug|Any CPU.ActiveCfg = Debug|Any CPU
		{38F014F7-3DBE-43E1-9BE7-2627F26E9CA8}.Debug|Any CPU.Build.0 = Debug|Any CPU
		{38F014F7-3DBE-43E1-9BE7-2627F26E9CA8}.Release|Any CPU.ActiveCfg = Release|Any CPU
		{38F014F7-3DBE-43E1-9BE7-2627F26E9CA8}.Release|Any CPU.Build.0 = Release|Any CPU
		{B0FBFFF7-B481-4984-A467-EE285B69EAF2}.Debug|Any CPU.ActiveCfg = Debug|Any CPU
		{B0FBFFF7-B481-4984-A467-EE285B69EAF2}.Debug|Any CPU.Build.0 = Debug|Any CPU
		{B0FBFFF7-B481-4984-A467-EE285B69EAF2}.Release|Any CPU.ActiveCfg = Release|Any CPU
		{B0FBFFF7-B481-4984-A467-EE285B69EAF2}.Release|Any CPU.Build.0 = Release|Any CPU
	EndGlobalSection
	GlobalSection(SolutionProperties) = preSolution
		HideSolutionNode = FALSE
	EndGlobalSection
	GlobalSection(ExtensibilityGlobals) = postSolution
		SolutionGuid = {2849ED9D-66B8-4C4D-BF3C-24D2A43D9CF0}
	EndGlobalSection
EndGlobal
